{
  "name": "RadarStudentsTestTask",
  "lockfileVersion": 2,
  "requires": true,
  "packages": {
    "": {
      "dependencies": {
        "console-table-printer": "^2.11.1",
        "simple-test-manager": "git+https://github.com/ImAllergicToFish/simple-test-manager"
      },
      "devDependencies": {
        "@types/node": "^18.7.18",
        "typescript": "^4.8.3"
      }
    },
    "node_modules/@types/node": {
      "version": "18.7.18",
      "resolved": "https://registry.npmjs.org/@types/node/-/node-18.7.18.tgz",
      "integrity": "sha512-m+6nTEOadJZuTPkKR/SYK3A2d7FZrgElol9UP1Kae90VVU4a6mxnPuLiIW1m4Cq4gZ/nWb9GrdVXJCoCazDAbg==",
      "dev": true
    },
    "node_modules/console-table-printer": {
      "version": "2.11.1",
      "resolved": "https://registry.npmjs.org/console-table-printer/-/console-table-printer-2.11.1.tgz",
      "integrity": "sha512-8LfFpbF/BczoxPwo2oltto5bph8bJkGOATXsg3E9ddMJOGnWJciKHldx2zDj5XIBflaKzPfVCjOTl6tMh7lErg==",
      "dependencies": {
        "simple-wcswidth": "^1.0.1"
      }
    },
    "node_modules/simple-test-manager": {
      "version": "1.0.0",
      "resolved": "git+ssh://git@github.com/ImAllergicToFish/simple-test-manager.git#7986f4aa0d5b78c8f2915da4fff78ac88119358b",
      "dependencies": {
        "console-table-printer": "^2.11.1"
      }
    },
    "node_modules/simple-wcswidth": {
      "version": "1.0.1",
      "resolved": "https://registry.npmjs.org/simple-wcswidth/-/simple-wcswidth-1.0.1.tgz",
      "integrity": "sha512-xMO/8eNREtaROt7tJvWJqHBDTMFN4eiQ5I4JRMuilwfnFcV5W9u7RUkueNkdw0jPqGMX36iCywelS5yilTuOxg=="
    },
    "node_modules/typescript": {
      "version": "4.8.3",
      "resolved": "https://registry.npmjs.org/typescript/-/typescript-4.8.3.tgz",
      "integrity": "sha512-goMHfm00nWPa8UvR/CPSvykqf6dVV8x/dp0c5mFTMTIu0u0FlGWRioyy7Nn0PGAdHxpJZnuO/ut+PpQ8UiHAig==",
      "dev": true,
      "bin": {
        "tsc": "bin/tsc",
        "tsserver": "bin/tsserver"
      },
      "engines": {
        "node": ">=4.2.0"
      }
    }
  },
  "dependencies": {
    "@types/node": {
      "version": "18.7.18",
      "resolved": "https://registry.npmjs.org/@types/node/-/node-18.7.18.tgz",
      "integrity": "sha512-m+6nTEOadJZuTPkKR/SYK3A2d7FZrgElol9UP1Kae90VVU4a6mxnPuLiIW1m4Cq4gZ/nWb9GrdVXJCoCazDAbg==",
      "dev": true
    },
    "console-table-printer": {
      "version": "2.11.1",
      "resolved": "https://registry.npmjs.org/console-table-printer/-/console-table-printer-2.11.1.tgz",
      "integrity": "sha512-8LfFpbF/BczoxPwo2oltto5bph8bJkGOATXsg3E9ddMJOGnWJciKHldx2zDj5XIBflaKzPfVCjOTl6tMh7lErg==",
      "requires": {
        "simple-wcswidth": "^1.0.1"
      }
    },
    "simple-test-manager": {
      "version": "git+ssh://git@github.com/ImAllergicToFish/simple-test-manager.git#7986f4aa0d5b78c8f2915da4fff78ac88119358b",
      "from": "simple-test-manager@git+https://github.com/ImAllergicToFish/simple-test-manager",
      "requires": {
        "console-table-printer": "^2.11.1"
      }
    },
    "simple-wcswidth": {
      "version": "1.0.1",
      "resolved": "https://registry.npmjs.org/simple-wcswidth/-/simple-wcswidth-1.0.1.tgz",
      "integrity": "sha512-xMO/8eNREtaROt7tJvWJqHBDTMFN4eiQ5I4JRMuilwfnFcV5W9u7RUkueNkdw0jPqGMX36iCywelS5yilTuOxg=="
    },
    "typescript": {
      "version": "4.8.3",
      "resolved": "https://registry.npmjs.org/typescript/-/typescript-4.8.3.tgz",
      "integrity": "sha512-goMHfm00nWPa8UvR/CPSvykqf6dVV8x/dp0c5mFTMTIu0u0FlGWRioyy7Nn0PGAdHxpJZnuO/ut+PpQ8UiHAig==",
      "dev": true
    }
  }
}
